<?xml version="1.0" encoding="utf-8"?>
<Project ToolsVersion="4.0" xmlns="http://schemas.microsoft.com/developer/msbuild/2003">
  <ItemGroup>
    <CudaCompile Include="SphCuda.cu" />
  </ItemGroup>
  <ItemGroup>
    <ClInclude Include="header\Position.cuh">
      <Filter>header</Filter>
    </ClInclude>
    <ClInclude Include="header\Common.cuh">
      <Filter>header</Filter>
    </ClInclude>
    <ClInclude Include="header\Density.cuh">
      <Filter>header</Filter>
    </ClInclude>
    <ClInclude Include="header\Force.cuh">
      <Filter>header</Filter>
    </ClInclude>
    <ClInclude Include="header\FRNN.cuh">
      <Filter>header</Filter>
    </ClInclude>
    <ClInclude Include="header\InitParticle.cuh">
      <Filter>header</Filter>
    </ClInclude>
    <ClInclude Include="header\SphCuda.h">
      <Filter>header</Filter>
    </ClInclude>
  </ItemGroup>
  <ItemGroup>
    <Filter Include="header">
      <UniqueIdentifier>{517f04c1-e919-45e6-9291-152778edaf1d}</UniqueIdentifier>
    </Filter>
  </ItemGroup>
</Project>